
Microsoft Visual Studio Solution File, Format Version 12.00
# Visual Studio Version 16
VisualStudioVersion = 16.0.31702.278
MinimumVisualStudioVersion = 10.0.40219.1
Project("{FAE04EC0-301F-11D3-BF4B-00C04F79EFBC}") = "CopyGroupPlagin", "CopyGroupPlagin\CopyGroupPlagin.csproj", "{A2D0DD60-76A7-471D-90BC-B23182D2E90E}"
EndProject
Global
	GlobalSection(SolutionConfigurationPlatforms) = preSolution
		Debug|Any CPU = Debug|Any CPU
		Release|Any CPU = Release|Any CPU
	EndGlobalSection
	GlobalSection(ProjectConfigurationPlatforms) = postSolution
		{A2D0DD60-76A7-471D-90BC-B23182D2E90E}.Debug|Any CPU.ActiveCfg = Debug|Any CPU
		{A2D0DD60-76A7-471D-90BC-B23182D2E90E}.Debug|Any CPU.Build.0 = Debug|Any CPU
		{A2D0DD60-76A7-471D-90BC-B23182D2E90E}.Release|Any CPU.ActiveCfg = Release|Any CPU
		{A2D0DD60-76A7-471D-90BC-B23182D2E90E}.Release|Any CPU.Build.0 = Release|Any CPU
	EndGlobalSection
	GlobalSection(SolutionProperties) = preSolution
		HideSolutionNode = FALSE
	EndGlobalSection
	GlobalSection(ExtensibilityGlobals) = postSolution
		SolutionGuid = {CD70E62A-9E32-45A1-AC8B-0165DD5D8B2C}
	EndGlobalSection
EndGlobal
